
Microsoft Visual Studio Solution File, Format Version 12.00
# Visual Studio Version 17
VisualStudioVersion = 17.14.36127.28 d17.14
MinimumVisualStudioVersion = 10.0.40219.1
Project("{FAE04EC0-301F-11D3-BF4B-00C04F79EFBC}") = "Lista2 exe7", "Lista2 exe7\Lista2 exe7.csproj", "{86927C35-D59F-4C77-8C00-F61E875F4A08}"
EndProject
Global
	GlobalSection(SolutionConfigurationPlatforms) = preSolution
		Debug|Any CPU = Debug|Any CPU
		Release|Any CPU = Release|Any CPU
	EndGlobalSection
	GlobalSection(ProjectConfigurationPlatforms) = postSolution
		{86927C35-D59F-4C77-8C00-F61E875F4A08}.Debug|Any CPU.ActiveCfg = Debug|Any CPU
		{86927C35-D59F-4C77-8C00-F61E875F4A08}.Debug|Any CPU.Build.0 = Debug|Any CPU
		{86927C35-D59F-4C77-8C00-F61E875F4A08}.Release|Any CPU.ActiveCfg = Release|Any CPU
		{86927C35-D59F-4C77-8C00-F61E875F4A08}.Release|Any CPU.Build.0 = Release|Any CPU
	EndGlobalSection
	GlobalSection(SolutionProperties) = preSolution
		HideSolutionNode = FALSE
	EndGlobalSection
	GlobalSection(ExtensibilityGlobals) = postSolution
		SolutionGuid = {98FF3039-EC37-4050-9F8B-C76EFD79516B}
	EndGlobalSection
EndGlobal
